
Microsoft Visual Studio Solution File, Format Version 12.00
# Visual Studio Version 17
VisualStudioVersion = 17.3.32811.315
MinimumVisualStudioVersion = 10.0.40219.1
Project("{FAE04EC0-301F-11D3-BF4B-00C04F79EFBC}") = "Semana04.Android", "Semana04\Semana04.Android\Semana04.Android.csproj", "{0B0A4B4F-13D5-42D2-8E2F-CCB5420BCD1C}"
EndProject
Project("{FAE04EC0-301F-11D3-BF4B-00C04F79EFBC}") = "Semana04.iOS", "Semana04\Semana04.iOS\Semana04.iOS.csproj", "{6A5D9807-970F-44FE-8D11-B1E948B88037}"
EndProject
Project("{FAE04EC0-301F-11D3-BF4B-00C04F79EFBC}") = "Semana04", "Semana04\Semana04\Semana04.csproj", "{33FD4A14-F9E0-4695-B294-C021AA646B3B}"
EndProject
Global
	GlobalSection(SolutionConfigurationPlatforms) = preSolution
		Debug|Any CPU = Debug|Any CPU
		Debug|iPhone = Debug|iPhone
		Debug|iPhoneSimulator = Debug|iPhoneSimulator
		Release|Any CPU = Release|Any CPU
		Release|iPhone = Release|iPhone
		Release|iPhoneSimulator = Release|iPhoneSimulator
	EndGlobalSection
	GlobalSection(ProjectConfigurationPlatforms) = postSolution
		{0B0A4B4F-13D5-42D2-8E2F-CCB5420BCD1C}.Debug|Any CPU.ActiveCfg = Debug|Any CPU
		{0B0A4B4F-13D5-42D2-8E2F-CCB5420BCD1C}.Debug|Any CPU.Build.0 = Debug|Any CPU
		{0B0A4B4F-13D5-42D2-8E2F-CCB5420BCD1C}.Debug|Any CPU.Deploy.0 = Debug|Any CPU
		{0B0A4B4F-13D5-42D2-8E2F-CCB5420BCD1C}.Debug|iPhone.ActiveCfg = Debug|Any CPU
		{0B0A4B4F-13D5-42D2-8E2F-CCB5420BCD1C}.Debug|iPhone.Build.0 = Debug|Any CPU
		{0B0A4B4F-13D5-42D2-8E2F-CCB5420BCD1C}.Debug|iPhone.Deploy.0 = Debug|Any CPU
		{0B0A4B4F-13D5-42D2-8E2F-CCB5420BCD1C}.Debug|iPhoneSimulator.ActiveCfg = Debug|Any CPU
		{0B0A4B4F-13D5-42D2-8E2F-CCB5420BCD1C}.Debug|iPhoneSimulator.Build.0 = Debug|Any CPU
		{0B0A4B4F-13D5-42D2-8E2F-CCB5420BCD1C}.Debug|iPhoneSimulator.Deploy.0 = Debug|Any CPU
		{0B0A4B4F-13D5-42D2-8E2F-CCB5420BCD1C}.Release|Any CPU.ActiveCfg = Release|Any CPU
		{0B0A4B4F-13D5-42D2-8E2F-CCB5420BCD1C}.Release|Any CPU.Build.0 = Release|Any CPU
		{0B0A4B4F-13D5-42D2-8E2F-CCB5420BCD1C}.Release|Any CPU.Deploy.0 = Release|Any CPU
		{0B0A4B4F-13D5-42D2-8E2F-CCB5420BCD1C}.Release|iPhone.ActiveCfg = Release|Any CPU
		{0B0A4B4F-13D5-42D2-8E2F-CCB5420BCD1C}.Release|iPhone.Build.0 = Release|Any CPU
		{0B0A4B4F-13D5-42D2-8E2F-CCB5420BCD1C}.Release|iPhone.Deploy.0 = Release|Any CPU
		{0B0A4B4F-13D5-42D2-8E2F-CCB5420BCD1C}.Release|iPhoneSimulator.ActiveCfg = Release|Any CPU
		{0B0A4B4F-13D5-42D2-8E2F-CCB5420BCD1C}.Release|iPhoneSimulator.Build.0 = Release|Any CPU
		{0B0A4B4F-13D5-42D2-8E2F-CCB5420BCD1C}.Release|iPhoneSimulator.Deploy.0 = Release|Any CPU
		{6A5D9807-970F-44FE-8D11-B1E948B88037}.Debug|Any CPU.ActiveCfg = Debug|iPhone
		{6A5D9807-970F-44FE-8D11-B1E948B88037}.Debug|Any CPU.Build.0 = Debug|iPhone
		{6A5D9807-970F-44FE-8D11-B1E948B88037}.Debug|Any CPU.Deploy.0 = Debug|iPhone
		{6A5D9807-970F-44FE-8D11-B1E948B88037}.Debug|iPhone.ActiveCfg = Debug|iPhone
		{6A5D9807-970F-44FE-8D11-B1E948B88037}.Debug|iPhone.Build.0 = Debug|iPhone
		{6A5D9807-970F-44FE-8D11-B1E948B88037}.Debug|iPhone.Deploy.0 = Debug|iPhone
		{6A5D9807-970F-44FE-8D11-B1E948B88037}.Debug|iPhoneSimulator.ActiveCfg = Debug|iPhoneSimulator
		{6A5D9807-970F-44FE-8D11-B1E948B88037}.Debug|iPhoneSimulator.Build.0 = Debug|iPhoneSimulator
		{6A5D9807-970F-44FE-8D11-B1E948B88037}.Debug|iPhoneSimulator.Deploy.0 = Debug|iPhoneSimulator
		{6A5D9807-970F-44FE-8D11-B1E948B88037}.Release|Any CPU.ActiveCfg = Release|iPhoneSimulator
		{6A5D9807-970F-44FE-8D11-B1E948B88037}.Release|Any CPU.Build.0 = Release|iPhoneSimulator
		{6A5D9807-970F-44FE-8D11-B1E948B88037}.Release|Any CPU.Deploy.0 = Release|iPhoneSimulator
		{6A5D9807-970F-44FE-8D11-B1E948B88037}.Release|iPhone.ActiveCfg = Release|iPhone
		{6A5D9807-970F-44FE-8D11-B1E948B88037}.Release|iPhone.Build.0 = Release|iPhone
		{6A5D9807-970F-44FE-8D11-B1E948B88037}.Release|iPhone.Deploy.0 = Release|iPhone
		{6A5D9807-970F-44FE-8D11-B1E948B88037}.Release|iPhoneSimulator.ActiveCfg = Release|iPhoneSimulator
		{6A5D9807-970F-44FE-8D11-B1E948B88037}.Release|iPhoneSimulator.Build.0 = Release|iPhoneSimulator
		{6A5D9807-970F-44FE-8D11-B1E948B88037}.Release|iPhoneSimulator.Deploy.0 = Release|iPhoneSimulator
		{33FD4A14-F9E0-4695-B294-C021AA646B3B}.Debug|Any CPU.ActiveCfg = Debug|Any CPU
		{33FD4A14-F9E0-4695-B294-C021AA646B3B}.Debug|Any CPU.Build.0 = Debug|Any CPU
		{33FD4A14-F9E0-4695-B294-C021AA646B3B}.Debug|Any CPU.Deploy.0 = Debug|Any CPU
		{33FD4A14-F9E0-4695-B294-C021AA646B3B}.Debug|iPhone.ActiveCfg = Debug|Any CPU
		{33FD4A14-F9E0-4695-B294-C021AA646B3B}.Debug|iPhone.Build.0 = Debug|Any CPU
		{33FD4A14-F9E0-4695-B294-C021AA646B3B}.Debug|iPhone.Deploy.0 = Debug|Any CPU
		{33FD4A14-F9E0-4695-B294-C021AA646B3B}.Debug|iPhoneSimulator.ActiveCfg = Debug|Any CPU
		{33FD4A14-F9E0-4695-B294-C021AA646B3B}.Debug|iPhoneSimulator.Build.0 = Debug|Any CPU
		{33FD4A14-F9E0-4695-B294-C021AA646B3B}.Debug|iPhoneSimulator.Deploy.0 = Debug|Any CPU
		{33FD4A14-F9E0-4695-B294-C021AA646B3B}.Release|Any CPU.ActiveCfg = Release|Any CPU
		{33FD4A14-F9E0-4695-B294-C021AA646B3B}.Release|Any CPU.Build.0 = Release|Any CPU
		{33FD4A14-F9E0-4695-B294-C021AA646B3B}.Release|Any CPU.Deploy.0 = Release|Any CPU
		{33FD4A14-F9E0-4695-B294-C021AA646B3B}.Release|iPhone.ActiveCfg = Release|Any CPU
		{33FD4A14-F9E0-4695-B294-C021AA646B3B}.Release|iPhone.Build.0 = Release|Any CPU
		{33FD4A14-F9E0-4695-B294-C021AA646B3B}.Release|iPhone.Deploy.0 = Release|Any CPU
		{33FD4A14-F9E0-4695-B294-C021AA646B3B}.Release|iPhoneSimulator.ActiveCfg = Release|Any CPU
		{33FD4A14-F9E0-4695-B294-C021AA646B3B}.Release|iPhoneSimulator.Build.0 = Release|Any CPU
		{33FD4A14-F9E0-4695-B294-C021AA646B3B}.Release|iPhoneSimulator.Deploy.0 = Release|Any CPU
	EndGlobalSection
	GlobalSection(SolutionProperties) = preSolution
		HideSolutionNode = FALSE
	EndGlobalSection
	GlobalSection(ExtensibilityGlobals) = postSolution
		SolutionGuid = {5F7F3CB2-0B8D-4A45-92AD-D5491FB6D1A0}
	EndGlobalSection
EndGlobal
